Microsoft Visual Studio Solution File, Format Version 12.00
# Visual Studio Version 17
VisualStudioVersion = 17.5.2.0
MinimumVisualStudioVersion = 10.0.40219.1
Project("{FAE04EC0-301F-11D3-BF4B-00C04F79EFBC}") = "RecurApi", "RecurApi\RecurApi.csproj", "{6CD8655F-E5A9-6FDE-2B6D-6EFFA5118CAE}"
EndProject
Global
	GlobalSection(SolutionConfigurationPlatforms) = preSolution
		Debug|Any CPU = Debug|Any CPU
		Release|Any CPU = Release|Any CPU
	EndGlobalSection
	GlobalSection(ProjectConfigurationPlatforms) = postSolution
		{6CD8655F-E5A9-6FDE-2B6D-6EFFA5118CAE}.Debug|Any CPU.ActiveCfg = Debug|Any CPU
		{6CD8655F-E5A9-6FDE-2B6D-6EFFA5118CAE}.Debug|Any CPU.Build.0 = Debug|Any CPU
		{6CD8655F-E5A9-6FDE-2B6D-6EFFA5118CAE}.Release|Any CPU.ActiveCfg = Release|Any CPU
		{6CD8655F-E5A9-6FDE-2B6D-6EFFA5118CAE}.Release|Any CPU.Build.0 = Release|Any CPU
	EndGlobalSection
	GlobalSection(SolutionProperties) = preSolution
		HideSolutionNode = FALSE
	EndGlobalSection
	GlobalSection(ExtensibilityGlobals) = postSolution
		SolutionGuid = {B25034BD-4C1F-42E1-8C99-34B6BBAAEC67}
	EndGlobalSection
EndGlobal
